
Microsoft Visual Studio Solution File, Format Version 12.00
Project("{FAE04EC0-301F-11D3-BF4B-00C04F79EFBC}") = "AppInsightsTest", "AppInsightsTest\AppInsightsTest.csproj", "{692F234F-80F0-472B-9203-2F63A3D0E82D}"
EndProject
Global
	GlobalSection(SolutionConfigurationPlatforms) = preSolution
		Debug|Any CPU = Debug|Any CPU
		Release|Any CPU = Release|Any CPU
	EndGlobalSection
	GlobalSection(ProjectConfigurationPlatforms) = postSolution
		{692F234F-80F0-472B-9203-2F63A3D0E82D}.Debug|Any CPU.ActiveCfg = Debug|Any CPU
		{692F234F-80F0-472B-9203-2F63A3D0E82D}.Debug|Any CPU.Build.0 = Debug|Any CPU
		{692F234F-80F0-472B-9203-2F63A3D0E82D}.Release|Any CPU.ActiveCfg = Release|Any CPU
		{692F234F-80F0-472B-9203-2F63A3D0E82D}.Release|Any CPU.Build.0 = Release|Any CPU
	EndGlobalSection
EndGlobal
